
Microsoft Visual Studio Solution File, Format Version 12.00
# Visual Studio Version 17
VisualStudioVersion = 17.11.35312.102
MinimumVisualStudioVersion = 10.0.40219.1
Project("{2150E333-8FDC-42A3-9474-1A3956D46DE8}") = "Task0", "Task0", "{564BC706-DC45-444D-9E81-60F91DE5184B}"
EndProject
Project("{FAE04EC0-301F-11D3-BF4B-00C04F79EFBC}") = "Tyuiu.KhrapovDY.Sprint5.Task0.V11", "Tyuiu.KhrapovDY.Sprint5.Task0.V11\Tyuiu.KhrapovDY.Sprint5.Task0.V11.csproj", "{9CB88F7D-6DED-4D29-9CB1-573F62D78FBE}"
EndProject
Project("{FAE04EC0-301F-11D3-BF4B-00C04F79EFBC}") = "Tyuiu.KhrapovDY.Sprint5.Task0.V11.Lib", "Tyuiu.KhrapovDY.Sprint5.Task0.V11.Lib\Tyuiu.KhrapovDY.Sprint5.Task0.V11.Lib.csproj", "{42468F96-D292-4AF0-83CB-D26656CA7BE5}"
EndProject
Project("{FAE04EC0-301F-11D3-BF4B-00C04F79EFBC}") = "Tyuiu.KhrapovDY.Sprint5.Task0.V11.Test", "Tyuiu.KhrapovDY.Sprint5.Task0.V11.Test\Tyuiu.KhrapovDY.Sprint5.Task0.V11.Test.csproj", "{A5C2DAFA-66BC-4974-9F3F-9C9D2AF6C765}"
EndProject
Project("{2150E333-8FDC-42A3-9474-1A3956D46DE8}") = "Task1", "Task1", "{DCC268B5-BE78-48CC-BCE0-80EA43845187}"
EndProject
Project("{FAE04EC0-301F-11D3-BF4B-00C04F79EFBC}") = "Tyuiu.KhrapovDY.Sprint5.Task1.V1", "Tyuiu.KhrapovDY.Sprint5.Task1.V1\Tyuiu.KhrapovDY.Sprint5.Task1.V1.csproj", "{B1BD81C2-EF89-4E83-9978-4800A65526BB}"
EndProject
Project("{FAE04EC0-301F-11D3-BF4B-00C04F79EFBC}") = "Tyuiu.KhrapovDY.Sprint5.Task1.V1.Lib", "Tyuiu.KhrapovDY.Sprint5.Task1.V1.Lib\Tyuiu.KhrapovDY.Sprint5.Task1.V1.Lib.csproj", "{E5C339CA-3137-49BE-A229-BE9435B04676}"
EndProject
Project("{FAE04EC0-301F-11D3-BF4B-00C04F79EFBC}") = "Tyuiu.KhrapovDY.Sprint5.Task1.V1.Test", "Tyuiu.KhrapovDY.Sprint5.Task1.V1.Test\Tyuiu.KhrapovDY.Sprint5.Task1.V1.Test.csproj", "{8D961598-7A87-467A-8CF3-EDE4E6961421}"
EndProject
Project("{2150E333-8FDC-42A3-9474-1A3956D46DE8}") = "Task2", "Task2", "{D7A78B4B-CEFD-4663-9C93-6C7DA64C351C}"
EndProject
Project("{FAE04EC0-301F-11D3-BF4B-00C04F79EFBC}") = "Tyuiu.KhrapovDY.Sprint5.Task2.V14", "Tyuiu.KhrapovDY.Sprint5.Task2.V14\Tyuiu.KhrapovDY.Sprint5.Task2.V14.csproj", "{7C354A71-E320-4076-8B72-A747F0F1031F}"
EndProject
Project("{FAE04EC0-301F-11D3-BF4B-00C04F79EFBC}") = "Tyuiu.KhrapovDY.Sprint5.Task2.V14.Lib", "Tyuiu.KhrapovDY.Sprint5.Task2.V14.Lib\Tyuiu.KhrapovDY.Sprint5.Task2.V14.Lib.csproj", "{094473AB-C0EF-4C43-8E2C-3A69BC7B5821}"
EndProject
Project("{FAE04EC0-301F-11D3-BF4B-00C04F79EFBC}") = "Tyuiu.KhrapovDY.Sprint5.Task2.V14.Test", "Tyuiu.KhrapovDY.Sprint5.Task2.V14.Test\Tyuiu.KhrapovDY.Sprint5.Task2.V14.Test.csproj", "{A8374450-7B6A-4914-8970-7C0CF2396ECD}"
EndProject
Global
	GlobalSection(SolutionConfigurationPlatforms) = preSolution
		Debug|Any CPU = Debug|Any CPU
		Release|Any CPU = Release|Any CPU
	EndGlobalSection
	GlobalSection(ProjectConfigurationPlatforms) = postSolution
		{9CB88F7D-6DED-4D29-9CB1-573F62D78FBE}.Debug|Any CPU.ActiveCfg = Debug|Any CPU
		{9CB88F7D-6DED-4D29-9CB1-573F62D78FBE}.Debug|Any CPU.Build.0 = Debug|Any CPU
		{9CB88F7D-6DED-4D29-9CB1-573F62D78FBE}.Release|Any CPU.ActiveCfg = Release|Any CPU
		{9CB88F7D-6DED-4D29-9CB1-573F62D78FBE}.Release|Any CPU.Build.0 = Release|Any CPU
		{42468F96-D292-4AF0-83CB-D26656CA7BE5}.Debug|Any CPU.ActiveCfg = Debug|Any CPU
		{42468F96-D292-4AF0-83CB-D26656CA7BE5}.Debug|Any CPU.Build.0 = Debug|Any CPU
		{42468F96-D292-4AF0-83CB-D26656CA7BE5}.Release|Any CPU.ActiveCfg = Release|Any CPU
		{42468F96-D292-4AF0-83CB-D26656CA7BE5}.Release|Any CPU.Build.0 = Release|Any CPU
		{A5C2DAFA-66BC-4974-9F3F-9C9D2AF6C765}.Debug|Any CPU.ActiveCfg = Debug|Any CPU
		{A5C2DAFA-66BC-4974-9F3F-9C9D2AF6C765}.Debug|Any CPU.Build.0 = Debug|Any CPU
		{A5C2DAFA-66BC-4974-9F3F-9C9D2AF6C765}.Release|Any CPU.ActiveCfg = Release|Any CPU
		{A5C2DAFA-66BC-4974-9F3F-9C9D2AF6C765}.Release|Any CPU.Build.0 = Release|Any CPU
		{B1BD81C2-EF89-4E83-9978-4800A65526BB}.Debug|Any CPU.ActiveCfg = Debug|Any CPU
		{B1BD81C2-EF89-4E83-9978-4800A65526BB}.Debug|Any CPU.Build.0 = Debug|Any CPU
		{B1BD81C2-EF89-4E83-9978-4800A65526BB}.Release|Any CPU.ActiveCfg = Release|Any CPU
		{B1BD81C2-EF89-4E83-9978-4800A65526BB}.Release|Any CPU.Build.0 = Release|Any CPU
		{E5C339CA-3137-49BE-A229-BE9435B04676}.Debug|Any CPU.ActiveCfg = Debug|Any CPU
		{E5C339CA-3137-49BE-A229-BE9435B04676}.Debug|Any CPU.Build.0 = Debug|Any CPU
		{E5C339CA-3137-49BE-A229-BE9435B04676}.Release|Any CPU.ActiveCfg = Release|Any CPU
		{E5C339CA-3137-49BE-A229-BE9435B04676}.Release|Any CPU.Build.0 = Release|Any CPU
		{8D961598-7A87-467A-8CF3-EDE4E6961421}.Debug|Any CPU.ActiveCfg = Debug|Any CPU
		{8D961598-7A87-467A-8CF3-EDE4E6961421}.Debug|Any CPU.Build.0 = Debug|Any CPU
		{8D961598-7A87-467A-8CF3-EDE4E6961421}.Release|Any CPU.ActiveCfg = Release|Any CPU
		{8D961598-7A87-467A-8CF3-EDE4E6961421}.Release|Any CPU.Build.0 = Release|Any CPU
		{7C354A71-E320-4076-8B72-A747F0F1031F}.Debug|Any CPU.ActiveCfg = Debug|Any CPU
		{7C354A71-E320-4076-8B72-A747F0F1031F}.Debug|Any CPU.Build.0 = Debug|Any CPU
		{7C354A71-E320-4076-8B72-A747F0F1031F}.Release|Any CPU.ActiveCfg = Release|Any CPU
		{7C354A71-E320-4076-8B72-A747F0F1031F}.Release|Any CPU.Build.0 = Release|Any CPU
		{094473AB-C0EF-4C43-8E2C-3A69BC7B5821}.Debug|Any CPU.ActiveCfg = Debug|Any CPU
		{094473AB-C0EF-4C43-8E2C-3A69BC7B5821}.Debug|Any CPU.Build.0 = Debug|Any CPU
		{094473AB-C0EF-4C43-8E2C-3A69BC7B5821}.Release|Any CPU.ActiveCfg = Release|Any CPU
		{094473AB-C0EF-4C43-8E2C-3A69BC7B5821}.Release|Any CPU.Build.0 = Release|Any CPU
		{A8374450-7B6A-4914-8970-7C0CF2396ECD}.Debug|Any CPU.ActiveCfg = Debug|Any CPU
		{A8374450-7B6A-4914-8970-7C0CF2396ECD}.Debug|Any CPU.Build.0 = Debug|Any CPU
		{A8374450-7B6A-4914-8970-7C0CF2396ECD}.Release|Any CPU.ActiveCfg = Release|Any CPU
		{A8374450-7B6A-4914-8970-7C0CF2396ECD}.Release|Any CPU.Build.0 = Release|Any CPU
	EndGlobalSection
	GlobalSection(SolutionProperties) = preSolution
		HideSolutionNode = FALSE
	EndGlobalSection
	GlobalSection(NestedProjects) = preSolution
		{9CB88F7D-6DED-4D29-9CB1-573F62D78FBE} = {564BC706-DC45-444D-9E81-60F91DE5184B}
		{42468F96-D292-4AF0-83CB-D26656CA7BE5} = {564BC706-DC45-444D-9E81-60F91DE5184B}
		{A5C2DAFA-66BC-4974-9F3F-9C9D2AF6C765} = {564BC706-DC45-444D-9E81-60F91DE5184B}
		{B1BD81C2-EF89-4E83-9978-4800A65526BB} = {DCC268B5-BE78-48CC-BCE0-80EA43845187}
		{E5C339CA-3137-49BE-A229-BE9435B04676} = {DCC268B5-BE78-48CC-BCE0-80EA43845187}
		{8D961598-7A87-467A-8CF3-EDE4E6961421} = {DCC268B5-BE78-48CC-BCE0-80EA43845187}
		{7C354A71-E320-4076-8B72-A747F0F1031F} = {D7A78B4B-CEFD-4663-9C93-6C7DA64C351C}
		{094473AB-C0EF-4C43-8E2C-3A69BC7B5821} = {D7A78B4B-CEFD-4663-9C93-6C7DA64C351C}
		{A8374450-7B6A-4914-8970-7C0CF2396ECD} = {D7A78B4B-CEFD-4663-9C93-6C7DA64C351C}
	EndGlobalSection
	GlobalSection(ExtensibilityGlobals) = postSolution
		SolutionGuid = {9298F3DF-428A-409C-BF31-17B0D2B373E5}
	EndGlobalSection
EndGlobal
